
Microsoft Visual Studio Solution File, Format Version 12.00
# Visual Studio 2012
Project("{FAE04EC0-301F-11D3-BF4B-00C04F79EFBC}") = "WorkTracker", "WorkTracker\WorkTracker.csproj", "{091FB852-CA5F-4419-ADC1-0C025FDEEB2B}"
EndProject
Project("{FAE04EC0-301F-11D3-BF4B-00C04F79EFBC}") = "WorkTracker.iOS", "iOS\WorkTracker.iOS.csproj", "{273FC636-5493-47D9-9670-6107BBE33D26}"
EndProject
Project("{FAE04EC0-301F-11D3-BF4B-00C04F79EFBC}") = "WorkTracker.Droid", "Droid\WorkTracker.Droid.csproj", "{C1F0EDAF-AEBD-4EBA-84DA-4129A4A1EEE3}"
EndProject
Global
	GlobalSection(SolutionConfigurationPlatforms) = preSolution
		Debug|Any CPU = Debug|Any CPU
		Release|Any CPU = Release|Any CPU
		Debug|iPhoneSimulator = Debug|iPhoneSimulator
		Release|iPhone = Release|iPhone
		Release|iPhoneSimulator = Release|iPhoneSimulator
		Debug|iPhone = Debug|iPhone
	EndGlobalSection
	GlobalSection(ProjectConfigurationPlatforms) = postSolution
		{091FB852-CA5F-4419-ADC1-0C025FDEEB2B}.Debug|Any CPU.ActiveCfg = Debug|Any CPU
		{091FB852-CA5F-4419-ADC1-0C025FDEEB2B}.Debug|Any CPU.Build.0 = Debug|Any CPU
		{091FB852-CA5F-4419-ADC1-0C025FDEEB2B}.Release|Any CPU.ActiveCfg = Release|Any CPU
		{091FB852-CA5F-4419-ADC1-0C025FDEEB2B}.Release|Any CPU.Build.0 = Release|Any CPU
		{091FB852-CA5F-4419-ADC1-0C025FDEEB2B}.Debug|iPhoneSimulator.ActiveCfg = Debug|Any CPU
		{091FB852-CA5F-4419-ADC1-0C025FDEEB2B}.Debug|iPhoneSimulator.Build.0 = Debug|Any CPU
		{091FB852-CA5F-4419-ADC1-0C025FDEEB2B}.Release|iPhone.ActiveCfg = Release|Any CPU
		{091FB852-CA5F-4419-ADC1-0C025FDEEB2B}.Release|iPhone.Build.0 = Release|Any CPU
		{091FB852-CA5F-4419-ADC1-0C025FDEEB2B}.Release|iPhoneSimulator.ActiveCfg = Release|Any CPU
		{091FB852-CA5F-4419-ADC1-0C025FDEEB2B}.Release|iPhoneSimulator.Build.0 = Release|Any CPU
		{091FB852-CA5F-4419-ADC1-0C025FDEEB2B}.Debug|iPhone.ActiveCfg = Debug|Any CPU
		{091FB852-CA5F-4419-ADC1-0C025FDEEB2B}.Debug|iPhone.Build.0 = Debug|Any CPU
		{273FC636-5493-47D9-9670-6107BBE33D26}.Debug|Any CPU.ActiveCfg = Debug|iPhoneSimulator
		{273FC636-5493-47D9-9670-6107BBE33D26}.Debug|Any CPU.Build.0 = Debug|iPhoneSimulator
		{273FC636-5493-47D9-9670-6107BBE33D26}.Release|Any CPU.ActiveCfg = Release|iPhone
		{273FC636-5493-47D9-9670-6107BBE33D26}.Release|Any CPU.Build.0 = Release|iPhone
		{273FC636-5493-47D9-9670-6107BBE33D26}.Debug|iPhoneSimulator.ActiveCfg = Debug|iPhoneSimulator
		{273FC636-5493-47D9-9670-6107BBE33D26}.Debug|iPhoneSimulator.Build.0 = Debug|iPhoneSimulator
		{273FC636-5493-47D9-9670-6107BBE33D26}.Release|iPhone.ActiveCfg = Release|iPhone
		{273FC636-5493-47D9-9670-6107BBE33D26}.Release|iPhone.Build.0 = Release|iPhone
		{273FC636-5493-47D9-9670-6107BBE33D26}.Release|iPhoneSimulator.ActiveCfg = Release|iPhoneSimulator
		{273FC636-5493-47D9-9670-6107BBE33D26}.Release|iPhoneSimulator.Build.0 = Release|iPhoneSimulator
		{273FC636-5493-47D9-9670-6107BBE33D26}.Debug|iPhone.ActiveCfg = Debug|iPhone
		{273FC636-5493-47D9-9670-6107BBE33D26}.Debug|iPhone.Build.0 = Debug|iPhone
		{C1F0EDAF-AEBD-4EBA-84DA-4129A4A1EEE3}.Debug|Any CPU.ActiveCfg = Debug|Any CPU
		{C1F0EDAF-AEBD-4EBA-84DA-4129A4A1EEE3}.Debug|Any CPU.Build.0 = Debug|Any CPU
		{C1F0EDAF-AEBD-4EBA-84DA-4129A4A1EEE3}.Release|Any CPU.ActiveCfg = Release|Any CPU
		{C1F0EDAF-AEBD-4EBA-84DA-4129A4A1EEE3}.Release|Any CPU.Build.0 = Release|Any CPU
		{C1F0EDAF-AEBD-4EBA-84DA-4129A4A1EEE3}.Debug|iPhoneSimulator.ActiveCfg = Debug|Any CPU
		{C1F0EDAF-AEBD-4EBA-84DA-4129A4A1EEE3}.Debug|iPhoneSimulator.Build.0 = Debug|Any CPU
		{C1F0EDAF-AEBD-4EBA-84DA-4129A4A1EEE3}.Release|iPhone.ActiveCfg = Release|Any CPU
		{C1F0EDAF-AEBD-4EBA-84DA-4129A4A1EEE3}.Release|iPhone.Build.0 = Release|Any CPU
		{C1F0EDAF-AEBD-4EBA-84DA-4129A4A1EEE3}.Release|iPhoneSimulator.ActiveCfg = Release|Any CPU
		{C1F0EDAF-AEBD-4EBA-84DA-4129A4A1EEE3}.Release|iPhoneSimulator.Build.0 = Release|Any CPU
		{C1F0EDAF-AEBD-4EBA-84DA-4129A4A1EEE3}.Debug|iPhone.ActiveCfg = Debug|Any CPU
		{C1F0EDAF-AEBD-4EBA-84DA-4129A4A1EEE3}.Debug|iPhone.Build.0 = Debug|Any CPU
	EndGlobalSection
EndGlobal
